
Microsoft Visual Studio Solution File, Format Version 12.00
# Visual Studio Version 16
VisualStudioVersion = 16.0.30225.117
MinimumVisualStudioVersion = 10.0.40219.1
Project("{FAE04EC0-301F-11D3-BF4B-00C04F79EFBC}") = "BookListRazor", "BookListRazor.csproj", "{2E6A832A-00FB-4C5A-A5C5-735B802D5B5D}"
EndProject
Global
	GlobalSection(SolutionConfigurationPlatforms) = preSolution
		Debug|Any CPU = Debug|Any CPU
		Release|Any CPU = Release|Any CPU
	EndGlobalSection
	GlobalSection(ProjectConfigurationPlatforms) = postSolution
		{2E6A832A-00FB-4C5A-A5C5-735B802D5B5D}.Debug|Any CPU.ActiveCfg = Debug|Any CPU
		{2E6A832A-00FB-4C5A-A5C5-735B802D5B5D}.Debug|Any CPU.Build.0 = Debug|Any CPU
		{2E6A832A-00FB-4C5A-A5C5-735B802D5B5D}.Release|Any CPU.ActiveCfg = Release|Any CPU
		{2E6A832A-00FB-4C5A-A5C5-735B802D5B5D}.Release|Any CPU.Build.0 = Release|Any CPU
	EndGlobalSection
	GlobalSection(SolutionProperties) = preSolution
		HideSolutionNode = FALSE
	EndGlobalSection
	GlobalSection(ExtensibilityGlobals) = postSolution
		SolutionGuid = {28464FC1-8682-4842-8AB8-FCC4EAA55018}
	EndGlobalSection
EndGlobal
